
Microsoft Visual Studio Solution File, Format Version 11.00
# Visual Studio 2010
Project("{FAE04EC0-301F-11D3-BF4B-00C04F79EFBC}") = "Assembly-CSharp", "Assembly-CSharp.csproj", "{c9515fcd-b041-5168-cba7-e571141c158c}"
EndProject
Project("{FAE04EC0-301F-11D3-BF4B-00C04F79EFBC}") = "Assembly-CSharp-Editor", "Assembly-CSharp-Editor.csproj", "{8e959033-0add-42d0-8f56-7e91e6bc8bf9}"
EndProject
Project("{FAE04EC0-301F-11D3-BF4B-00C04F79EFBC}") = "Unity.Recorder.Samples.Editor", "Unity.Recorder.Samples.Editor.csproj", "{615d51d1-d680-c23b-fac6-9a25e5823547}"
EndProject
Global
	GlobalSection(SolutionConfigurationPlatforms) = preSolution
		Debug|Any CPU = Debug|Any CPU
		Release|Any CPU = Release|Any CPU
	EndGlobalSection
	GlobalSection(ProjectConfigurationPlatforms) = postSolution
		{c9515fcd-b041-5168-cba7-e571141c158c}.Debug|Any CPU.ActiveCfg = Debug|Any CPU
		{c9515fcd-b041-5168-cba7-e571141c158c}.Debug|Any CPU.Build.0 = Debug|Any CPU
		{c9515fcd-b041-5168-cba7-e571141c158c}.Release|Any CPU.ActiveCfg = Release|Any CPU
		{c9515fcd-b041-5168-cba7-e571141c158c}.Release|Any CPU.Build.0 = Release|Any CPU
		{8e959033-0add-42d0-8f56-7e91e6bc8bf9}.Debug|Any CPU.ActiveCfg = Debug|Any CPU
		{8e959033-0add-42d0-8f56-7e91e6bc8bf9}.Debug|Any CPU.Build.0 = Debug|Any CPU
		{8e959033-0add-42d0-8f56-7e91e6bc8bf9}.Release|Any CPU.ActiveCfg = Release|Any CPU
		{8e959033-0add-42d0-8f56-7e91e6bc8bf9}.Release|Any CPU.Build.0 = Release|Any CPU
		{615d51d1-d680-c23b-fac6-9a25e5823547}.Debug|Any CPU.ActiveCfg = Debug|Any CPU
		{615d51d1-d680-c23b-fac6-9a25e5823547}.Debug|Any CPU.Build.0 = Debug|Any CPU
		{615d51d1-d680-c23b-fac6-9a25e5823547}.Release|Any CPU.ActiveCfg = Release|Any CPU
		{615d51d1-d680-c23b-fac6-9a25e5823547}.Release|Any CPU.Build.0 = Release|Any CPU
	EndGlobalSection
	GlobalSection(SolutionProperties) = preSolution
		HideSolutionNode = FALSE
	EndGlobalSection
EndGlobal
